
Microsoft Visual Studio Solution File, Format Version 12.00
# Visual Studio Version 17
VisualStudioVersion = 17.11.35222.181
MinimumVisualStudioVersion = 10.0.40219.1
Project("{FAE04EC0-301F-11D3-BF4B-00C04F79EFBC}") = "RentACar", "RentACar\RentACar.csproj", "{04D5C155-3154-43B1-A534-E87F102F3CB0}"
EndProject
Global
	GlobalSection(SolutionConfigurationPlatforms) = preSolution
		Debug|Any CPU = Debug|Any CPU
		Release|Any CPU = Release|Any CPU
	EndGlobalSection
	GlobalSection(ProjectConfigurationPlatforms) = postSolution
		{04D5C155-3154-43B1-A534-E87F102F3CB0}.Debug|Any CPU.ActiveCfg = Debug|Any CPU
		{04D5C155-3154-43B1-A534-E87F102F3CB0}.Debug|Any CPU.Build.0 = Debug|Any CPU
		{04D5C155-3154-43B1-A534-E87F102F3CB0}.Release|Any CPU.ActiveCfg = Release|Any CPU
		{04D5C155-3154-43B1-A534-E87F102F3CB0}.Release|Any CPU.Build.0 = Release|Any CPU
	EndGlobalSection
	GlobalSection(SolutionProperties) = preSolution
		HideSolutionNode = FALSE
	EndGlobalSection
	GlobalSection(ExtensibilityGlobals) = postSolution
		SolutionGuid = {EF8A0F4F-5494-4D51-B641-CA27A15ADCFA}
	EndGlobalSection
EndGlobal
